{
  "originHash" : "d80e67acc4d8733a2c27964d8cd629e974d3a98785e662f2b8892b2b88c0bc82",
  "pins" : [
    {
      "identity" : "wwpuzzleboardview",
      "kind" : "remoteSourceControl",
      "location" : "https://github.com/William-Weng/WWPuzzleBoardView",
      "state" : {
        "revision" : "87ee1b4676378937fecd3a8da16dad98a2802479",
        "version" : "1.0.1"
      }
    }
  ],
  "version" : 3
}
